// !$*UTF8*$!
{
	archiveVersion = 1;
	classes = {
	};
	objectVersion = 77;
	objects = {

/* Begin PBXBuildFile section */
		163026EB97A4F99E4D215511 /* PrivacyInfo.xcprivacy in Resources */ = {isa = PBXBuildFile; fileRef = 5335882C0D5801EE0F3C97E7 /* PrivacyInfo.xcprivacy */; };
		3416A0283DEF4B7916C6180D /* GameView.swift in Sources */ = {isa = PBXBuildFile; fileRef = 724919DE7523EBC4042FD103 /* GameView.swift */; };
		5A390DFC2B492B5FA2C591CD /* Web in Resources */ = {isa = PBXBuildFile; fileRef = 078035775688E0560E3CE5B3 /* Web */; };
		5AEFD27E71F9649E3B4AFC31 /* Assets.xcassets in Resources */ = {isa = PBXBuildFile; fileRef = 450D58719D1E4564B7E22F63 /* Assets.xcassets */; };
		C519E927DF1DC9A262992202 /* SwoleClickerApp.swift in Sources */ = {isa = PBXBuildFile; fileRef = 4EFDA3E9EB7BFECDAAC1989F /* SwoleClickerApp.swift */; };
/* End PBXBuildFile section */

/* Begin PBXFileReference section */
		078035775688E0560E3CE5B3 /* Web */ = {isa = PBXFileReference; lastKnownFileType = folder; name = Web; path = SwoleClicker/Web; sourceTree = SOURCE_ROOT; };
		43C48C4B1F62E471174EB267 /* SwoleClicker.app */ = {isa = PBXFileReference; includeInIndex = 0; lastKnownFileType = wrapper.application; path = SwoleClicker.app; sourceTree = BUILT_PRODUCTS_DIR; };
		450D58719D1E4564B7E22F63 /* Assets.xcassets */ = {isa = PBXFileReference; lastKnownFileType = folder.assetcatalog; path = Assets.xcassets; sourceTree = "<group>"; };
		4EFDA3E9EB7BFECDAAC1989F /* SwoleClickerApp.swift */ = {isa = PBXFileReference; lastKnownFileType = sourcecode.swift; path = SwoleClickerApp.swift; sourceTree = "<group>"; };
		5335882C0D5801EE0F3C97E7 /* PrivacyInfo.xcprivacy */ = {isa = PBXFileReference; path = PrivacyInfo.xcprivacy; sourceTree = "<group>"; };
		724919DE7523EBC4042FD103 /* GameView.swift */ = {isa = PBXFileReference; lastKnownFileType = sourcecode.swift; path = GameView.swift; sourceTree = "<group>"; };
/* End PBXFileReference section */

/* Begin PBXGroup section */
		13DF4056FCE65504AAF9965C = {
			isa = PBXGroup;
			children = (
				5399982F5EFCB25E29B42CFA /* SwoleClicker */,
				9CD793688F7ACC37D5F51103 /* Products */,
			);
			sourceTree = "<group>";
		};
		5399982F5EFCB25E29B42CFA /* SwoleClicker */ = {
			isa = PBXGroup;
			children = (
				450D58719D1E4564B7E22F63 /* Assets.xcassets */,
				724919DE7523EBC4042FD103 /* GameView.swift */,
				5335882C0D5801EE0F3C97E7 /* PrivacyInfo.xcprivacy */,
				4EFDA3E9EB7BFECDAAC1989F /* SwoleClickerApp.swift */,
				078035775688E0560E3CE5B3 /* Web */,
			);
			path = SwoleClicker;
			sourceTree = "<group>";
		};
		9CD793688F7ACC37D5F51103 /* Products */ = {
			isa = PBXGroup;
			children = (
				43C48C4B1F62E471174EB267 /* SwoleClicker.app */,
			);
			name = Products;
			sourceTree = "<group>";
		};
/* End PBXGroup section */

/* Begin PBXNativeTarget section */
		AF0A262176FB447998F9D6D5 /* SwoleClicker */ = {
			isa = PBXNativeTarget;
			buildConfigurationList = 26E0BC0A88B8F7DCC726C612 /* Build configuration list for PBXNativeTarget "SwoleClicker" */;
			buildPhases = (
				102218868942BA462CCCC1C0 /* Sources */,
				6F4A13AE1DB7682AF2B796E3 /* Resources */,
			);
			buildRules = (
			);
			dependencies = (
			);
			name = SwoleClicker;
			packageProductDependencies = (
			);
			productName = SwoleClicker;
			productReference = 43C48C4B1F62E471174EB267 /* SwoleClicker.app */;
			productType = "com.apple.product-type.application";
		};
/* End PBXNativeTarget section */

/* Begin PBXProject section */
		30834461AA3FDB7FB8FA3358 /* Project object */ = {
			isa = PBXProject;
			attributes = {
				BuildIndependentTargetsInParallel = YES;
				LastUpgradeCheck = 1430;
				TargetAttributes = {
					AF0A262176FB447998F9D6D5 = {
						DevelopmentTeam = AD8HRS5Z7D;
						ProvisioningStyle = Automatic;
					};
				};
			};
			buildConfigurationList = B73ED8C6B85F71EC6DDE37B2 /* Build configuration list for PBXProject "SwoleClicker" */;
			developmentRegion = en;
			hasScannedForEncodings = 0;
			knownRegions = (
				Base,
				en,
			);
			mainGroup = 13DF4056FCE65504AAF9965C;
			minimizedProjectReferenceProxies = 1;
			preferredProjectObjectVersion = 77;
			productRefGroup = 9CD793688F7ACC37D5F51103 /* Products */;
			projectDirPath = "";
			projectRoot = "";
			targets = (
				AF0A262176FB447998F9D6D5 /* SwoleClicker */,
			);
		};
/* End PBXProject section */

/* Begin PBXResourcesBuildPhase section */
		6F4A13AE1DB7682AF2B796E3 /* Resources */ = {
			isa = PBXResourcesBuildPhase;
			buildActionMask = 2147483647;
			files = (
				5AEFD27E71F9649E3B4AFC31 /* Assets.xcassets in Resources */,
				163026EB97A4F99E4D215511 /* PrivacyInfo.xcprivacy in Resources */,
				5A390DFC2B492B5FA2C591CD /* Web in Resources */,
			);
			runOnlyForDeploymentPostprocessing = 0;
		};
/* End PBXResourcesBuildPhase section */

/* Begin PBXSourcesBuildPhase section */
		102218868942BA462CCCC1C0 /* Sources */ = {
			isa = PBXSourcesBuildPhase;
			buildActionMask = 2147483647;
			files = (
				3416A0283DEF4B7916C6180D /* GameView.swift in Sources */,
				C519E927DF1DC9A262992202 /* SwoleClickerApp.swift in Sources */,
			);
			runOnlyForDeploymentPostprocessing = 0;
		};
/* End PBXSourcesBuildPhase section */

/* Begin XCBuildConfiguration section */
		4AB763B0557973DC63280B47 /* Release */ = {
			isa = XCBuildConfiguration;
			buildSettings = {
				ASSETCATALOG_COMPILER_APPICON_NAME = AppIcon;
				CODE_SIGN_IDENTITY = "iPhone Developer";
				CODE_SIGN_STYLE = Automatic;
				INFOPLIST_FILE = Info.plist;
				LD_RUNPATH_SEARCH_PATHS = (
					"$(inherited)",
					"@executable_path/Frameworks",
				);
				PRODUCT_BUNDLE_IDENTIFIER = com.calamborn.swoleclicker;
				PRODUCT_NAME = SwoleClicker;
				SDKROOT = iphoneos;
				TARGETED_DEVICE_FAMILY = 1;
			};
			name = Release;
		};
		4E5DBC2F7397EC8F6A42F8A7 /* Debug */ = {
			isa = XCBuildConfiguration;
			buildSettings = {
				ALWAYS_SEARCH_USER_PATHS = NO;
				CLANG_ANALYZER_NONNULL = YES;
				CLANG_ANALYZER_NUMBER_OBJECT_CONVERSION = YES_AGGRESSIVE;
				CLANG_CXX_LANGUAGE_STANDARD = "gnu++14";
				CLANG_CXX_LIBRARY = "libc++";
				CLANG_ENABLE_MODULES = YES;
				CLANG_ENABLE_OBJC_ARC = YES;
				CLANG_ENABLE_OBJC_WEAK = YES;
				CLANG_WARN_BLOCK_CAPTURE_AUTORELEASING = YES;
				CLANG_WARN_BOOL_CONVERSION = YES;
				CLANG_WARN_COMMA = YES;
				CLANG_WARN_CONSTANT_CONVERSION = YES;
				CLANG_WARN_DEPRECATED_OBJC_IMPLEMENTATIONS = YES;
				CLANG_WARN_DIRECT_OBJC_ISA_USAGE = YES_ERROR;
				CLANG_WARN_DOCUMENTATION_COMMENTS = YES;
				CLANG_WARN_EMPTY_BODY = YES;
				CLANG_WARN_ENUM_CONVERSION = YES;
				CLANG_WARN_INFINITE_RECURSION = YES;
				CLANG_WARN_INT_CONVERSION = YES;
				CLANG_WARN_NON_LITERAL_NULL_CONVERSION = YES;
				CLANG_WARN_OBJC_IMPLICIT_RETAIN_SELF = YES;
				CLANG_WARN_OBJC_LITERAL_CONVERSION = YES;
				CLANG_WARN_OBJC_ROOT_CLASS = YES_ERROR;
				CLANG_WARN_QUOTED_INCLUDE_IN_FRAMEWORK_HEADER = YES;
				CLANG_WARN_RANGE_LOOP_ANALYSIS = YES;
				CLANG_WARN_STRICT_PROTOTYPES = YES;
				CLANG_WARN_SUSPICIOUS_MOVE = YES;
				CLANG_WARN_UNGUARDED_AVAILABILITY = YES_AGGRESSIVE;
				CLANG_WARN_UNREACHABLE_CODE = YES;
				CLANG_WARN__DUPLICATE_METHOD_MATCH = YES;
				COPY_PHASE_STRIP = NO;
				CURRENT_PROJECT_VERSION = 1;
				DEBUG_INFORMATION_FORMAT = dwarf;
				DEVELOPMENT_TEAM = AD8HRS5Z7D;
				ENABLE_STRICT_OBJC_MSGSEND = YES;
				ENABLE_TESTABILITY = YES;
				GCC_C_LANGUAGE_STANDARD = gnu11;
				GCC_DYNAMIC_NO_PIC = NO;
				GCC_NO_COMMON_BLOCKS = YES;
				GCC_OPTIMIZATION_LEVEL = 0;
				GCC_PREPROCESSOR_DEFINITIONS = (
					"$(inherited)",
					"DEBUG=1",
				);
				GCC_WARN_64_TO_32_BIT_CONVERSION = YES;
				GCC_WARN_ABOUT_RETURN_TYPE = YES_ERROR;
				GCC_WARN_UNDECLARED_SELECTOR = YES;
				GCC_WARN_UNINITIALIZED_AUTOS = YES_AGGRESSIVE;
				GCC_WARN_UNUSED_FUNCTION = YES;
				GCC_WARN_UNUSED_VARIABLE = YES;
				IPHONEOS_DEPLOYMENT_TARGET = 17.0;
				MARKETING_VERSION = 1.0;
				MTL_ENABLE_DEBUG_INFO = INCLUDE_SOURCE;
				MTL_FAST_MATH = YES;
				ONLY_ACTIVE_ARCH = YES;
				PRODUCT_NAME = "$(TARGET_NAME)";
				SDKROOT = iphoneos;
				SWIFT_ACTIVE_COMPILATION_CONDITIONS = DEBUG;
				SWIFT_OPTIMIZATION_LEVEL = "-Onone";
				SWIFT_VERSION = 5.0;
			};
			name = Debug;
		};
		DA40D8C5EC21F149619D62F2 /* Release */ = {
			isa = XCBuildConfiguration;
			buildSettings = {
				ALWAYS_SEARCH_USER_PATHS = NO;
				CLANG_ANALYZER_NONNULL = YES;
				CLANG_ANALYZER_NUMBER_OBJECT_CONVERSION = YES_AGGRESSIVE;
				CLANG_CXX_LANGUAGE_STANDARD = "gnu++14";
				CLANG_CXX_LIBRARY = "libc++";
				CLANG_ENABLE_MODULES = YES;
				CLANG_ENABLE_OBJC_ARC = YES;
				CLANG_ENABLE_OBJC_WEAK = YES;
				CLANG_WARN_BLOCK_CAPTURE_AUTORELEASING = YES;
				CLANG_WARN_BOOL_CONVERSION = YES;
				CLANG_WARN_COMMA = YES;
				CLANG_WARN_CONSTANT_CONVERSION = YES;
				CLANG_WARN_DEPRECATED_OBJC_IMPLEMENTATIONS = YES;
				CLANG_WARN_DIRECT_OBJC_ISA_USAGE = YES_ERROR;
				CLANG_WARN_DOCUMENTATION_COMMENTS = YES;
				CLANG_WARN_EMPTY_BODY = YES;
				CLANG_WARN_ENUM_CONVERSION = YES;
				CLANG_WARN_INFINITE_RECURSION = YES;
				CLANG_WARN_INT_CONVERSION = YES;
				CLANG_WARN_NON_LITERAL_NULL_CONVERSION = YES;
				CLANG_WARN_OBJC_IMPLICIT_RETAIN_SELF = YES;
				CLANG_WARN_OBJC_LITERAL_CONVERSION = YES;
				CLANG_WARN_OBJC_ROOT_CLASS = YES_ERROR;
				CLANG_WARN_QUOTED_INCLUDE_IN_FRAMEWORK_HEADER = YES;
				CLANG_WARN_RANGE_LOOP_ANALYSIS = YES;
				CLANG_WARN_STRICT_PROTOTYPES = YES;
				CLANG_WARN_SUSPICIOUS_MOVE = YES;
				CLANG_WARN_UNGUARDED_AVAILABILITY = YES_AGGRESSIVE;
				CLANG_WARN_UNREACHABLE_CODE = YES;
				CLANG_WARN__DUPLICATE_METHOD_MATCH = YES;
				COPY_PHASE_STRIP = NO;
				CURRENT_PROJECT_VERSION = 1;
				DEBUG_INFORMATION_FORMAT = "dwarf-with-dsym";
				DEVELOPMENT_TEAM = AD8HRS5Z7D;
				ENABLE_NS_ASSERTIONS = NO;
				ENABLE_STRICT_OBJC_MSGSEND = YES;
				GCC_C_LANGUAGE_STANDARD = gnu11;
				GCC_NO_COMMON_BLOCKS = YES;
				GCC_WARN_64_TO_32_BIT_CONVERSION = YES;
				GCC_WARN_ABOUT_RETURN_TYPE = YES_ERROR;
				GCC_WARN_UNDECLARED_SELECTOR = YES;
				GCC_WARN_UNINITIALIZED_AUTOS = YES_AGGRESSIVE;
				GCC_WARN_UNUSED_FUNCTION = YES;
				GCC_WARN_UNUSED_VARIABLE = YES;
				IPHONEOS_DEPLOYMENT_TARGET = 17.0;
				MARKETING_VERSION = 1.0;
				MTL_ENABLE_DEBUG_INFO = NO;
				MTL_FAST_MATH = YES;
				PRODUCT_NAME = "$(TARGET_NAME)";
				SDKROOT = iphoneos;
				SWIFT_COMPILATION_MODE = wholemodule;
				SWIFT_OPTIMIZATION_LEVEL = "-O";
				SWIFT_VERSION = 5.0;
			};
			name = Release;
		};
		E31E70CDCAEA98D80EE3990E /* Debug */ = {
			isa = XCBuildConfiguration;
			buildSettings = {
				ASSETCATALOG_COMPILER_APPICON_NAME = AppIcon;
				CODE_SIGN_IDENTITY = "iPhone Developer";
				CODE_SIGN_STYLE = Automatic;
				INFOPLIST_FILE = Info.plist;
				LD_RUNPATH_SEARCH_PATHS = (
					"$(inherited)",
					"@executable_path/Frameworks",
				);
				PRODUCT_BUNDLE_IDENTIFIER = com.calamborn.swoleclicker;
				PRODUCT_NAME = SwoleClicker;
				SDKROOT = iphoneos;
				TARGETED_DEVICE_FAMILY = 1;
			};
			name = Debug;
		};
/* End XCBuildConfiguration section */

/* Begin XCConfigurationList section */
		26E0BC0A88B8F7DCC726C612 /* Build configuration list for PBXNativeTarget "SwoleClicker" */ = {
			isa = XCConfigurationList;
			buildConfigurations = (
				E31E70CDCAEA98D80EE3990E /* Debug */,
				4AB763B0557973DC63280B47 /* Release */,
			);
			defaultConfigurationIsVisible = 0;
			defaultConfigurationName = Debug;
		};
		B73ED8C6B85F71EC6DDE37B2 /* Build configuration list for PBXProject "SwoleClicker" */ = {
			isa = XCConfigurationList;
			buildConfigurations = (
				4E5DBC2F7397EC8F6A42F8A7 /* Debug */,
				DA40D8C5EC21F149619D62F2 /* Release */,
			);
			defaultConfigurationIsVisible = 0;
			defaultConfigurationName = Debug;
		};
/* End XCConfigurationList section */
	};
	rootObject = 30834461AA3FDB7FB8FA3358 /* Project object */;
}
